// !$*UTF8*$!
{
	archiveVersion = 1;
	classes = {
	};
	objectVersion = 56;
	objects = {

/* Begin PBXBuildFile section */
		B354CABF2B28248400BB881A /* Gongam2App.swift in Sources */ = {isa = PBXBuildFile; fileRef = B354CABE2B28248400BB881A /* Gongam2App.swift */; };
		B354CAC12B28248400BB881A /* ContentView.swift in Sources */ = {isa = PBXBuildFile; fileRef = B354CAC02B28248400BB881A /* ContentView.swift */; };
		B354CAC32B28248500BB881A /* Assets.xcassets in Resources */ = {isa = PBXBuildFile; fileRef = B354CAC22B28248500BB881A /* Assets.xcassets */; };
		B354CAC62B28248500BB881A /* Preview Assets.xcassets in Resources */ = {isa = PBXBuildFile; fileRef = B354CAC52B28248500BB881A /* Preview Assets.xcassets */; };
		B354CAD02B28248500BB881A /* Gongam2Tests.swift in Sources */ = {isa = PBXBuildFile; fileRef = B354CACF2B28248500BB881A /* Gongam2Tests.swift */; };
		B354CADA2B28248500BB881A /* Gongam2UITests.swift in Sources */ = {isa = PBXBuildFile; fileRef = B354CAD92B28248500BB881A /* Gongam2UITests.swift */; };
		B354CADC2B28248500BB881A /* Gongam2UITestsLaunchTests.swift in Sources */ = {isa = PBXBuildFile; fileRef = B354CADB2B28248500BB881A /* Gongam2UITestsLaunchTests.swift */; };
/* End PBXBuildFile section */

/* Begin PBXContainerItemProxy section */
		B354CACC2B28248500BB881A /* PBXContainerItemProxy */ = {
			isa = PBXContainerItemProxy;
			containerPortal = B354CAB32B28248400BB881A /* Project object */;
			proxyType = 1;
			remoteGlobalIDString = B354CABA2B28248400BB881A;
			remoteInfo = Gongam2;
		};
		B354CAD62B28248500BB881A /* PBXContainerItemProxy */ = {
			isa = PBXContainerItemProxy;
			containerPortal = B354CAB32B28248400BB881A /* Project object */;
			proxyType = 1;
			remoteGlobalIDString = B354CABA2B28248400BB881A;
			remoteInfo = Gongam2;
		};
/* End PBXContainerItemProxy section */

/* Begin PBXFileReference section */
		B354CABB2B28248400BB881A /* Gongam2.app */ = {isa = PBXFileReference; explicitFileType = wrapper.application; includeInIndex = 0; path = Gongam2.app; sourceTree = BUILT_PRODUCTS_DIR; };
		B354CABE2B28248400BB881A /* Gongam2App.swift */ = {isa = PBXFileReference; lastKnownFileType = sourcecode.swift; path = Gongam2App.swift; sourceTree = "<group>"; };
		B354CAC02B28248400BB881A /* ContentView.swift */ = {isa = PBXFileReference; lastKnownFileType = sourcecode.swift; path = ContentView.swift; sourceTree = "<group>"; };
		B354CAC22B28248500BB881A /* Assets.xcassets */ = {isa = PBXFileReference; lastKnownFileType = folder.assetcatalog; path = Assets.xcassets; sourceTree = "<group>"; };
		B354CAC52B28248500BB881A /* Preview Assets.xcassets */ = {isa = PBXFileReference; lastKnownFileType = folder.assetcatalog; path = "Preview Assets.xcassets"; sourceTree = "<group>"; };
		B354CACB2B28248500BB881A /* Gongam2Tests.xctest */ = {isa = PBXFileReference; explicitFileType = wrapper.cfbundle; includeInIndex = 0; path = Gongam2Tests.xctest; sourceTree = BUILT_PRODUCTS_DIR; };
		B354CACF2B28248500BB881A /* Gongam2Tests.swift */ = {isa = PBXFileReference; lastKnownFileType = sourcecode.swift; path = Gongam2Tests.swift; sourceTree = "<group>"; };
		B354CAD52B28248500BB881A /* Gongam2UITests.xctest */ = {isa = PBXFileReference; explicitFileType = wrapper.cfbundle; includeInIndex = 0; path = Gongam2UITests.xctest; sourceTree = BUILT_PRODUCTS_DIR; };
		B354CAD92B28248500BB881A /* Gongam2UITests.swift */ = {isa = PBXFileReference; lastKnownFileType = sourcecode.swift; path = Gongam2UITests.swift; sourceTree = "<group>"; };
		B354CADB2B28248500BB881A /* Gongam2UITestsLaunchTests.swift */ = {isa = PBXFileReference; lastKnownFileType = sourcecode.swift; path = Gongam2UITestsLaunchTests.swift; sourceTree = "<group>"; };
/* End PBXFileReference section */

/* Begin PBXFrameworksBuildPhase section */
		B354CAB82B28248400BB881A /* Frameworks */ = {
			isa = PBXFrameworksBuildPhase;
			buildActionMask = 2147483647;
			files = (
			);
			runOnlyForDeploymentPostprocessing = 0;
		};
		B354CAC82B28248500BB881A /* Frameworks */ = {
			isa = PBXFrameworksBuildPhase;
			buildActionMask = 2147483647;
			files = (
			);
			runOnlyForDeploymentPostprocessing = 0;
		};
		B354CAD22B28248500BB881A /* Frameworks */ = {
			isa = PBXFrameworksBuildPhase;
			buildActionMask = 2147483647;
			files = (
			);
			runOnlyForDeploymentPostprocessing = 0;
		};
/* End PBXFrameworksBuildPhase section */

/* Begin PBXGroup section */
		B354CAB22B28248400BB881A = {
			isa = PBXGroup;
			children = (
				B354CABD2B28248400BB881A /* Gongam2 */,
				B354CACE2B28248500BB881A /* Gongam2Tests */,
				B354CAD82B28248500BB881A /* Gongam2UITests */,
				B354CABC2B28248400BB881A /* Products */,
			);
			sourceTree = "<group>";
		};
		B354CABC2B28248400BB881A /* Products */ = {
			isa = PBXGroup;
			children = (
				B354CABB2B28248400BB881A /* Gongam2.app */,
				B354CACB2B28248500BB881A /* Gongam2Tests.xctest */,
				B354CAD52B28248500BB881A /* Gongam2UITests.xctest */,
			);
			name = Products;
			sourceTree = "<group>";
		};
		B354CABD2B28248400BB881A /* Gongam2 */ = {
			isa = PBXGroup;
			children = (
				B354CABE2B28248400BB881A /* Gongam2App.swift */,
				B354CAC02B28248400BB881A /* ContentView.swift */,
				B354CAC22B28248500BB881A /* Assets.xcassets */,
				B354CAC42B28248500BB881A /* Preview Content */,
			);
			path = Gongam2;
			sourceTree = "<group>";
		};
		B354CAC42B28248500BB881A /* Preview Content */ = {
			isa = PBXGroup;
			children = (
				B354CAC52B28248500BB881A /* Preview Assets.xcassets */,
			);
			path = "Preview Content";
			sourceTree = "<group>";
		};
		B354CACE2B28248500BB881A /* Gongam2Tests */ = {
			isa = PBXGroup;
			children = (
				B354CACF2B28248500BB881A /* Gongam2Tests.swift */,
			);
			path = Gongam2Tests;
			sourceTree = "<group>";
		};
		B354CAD82B28248500BB881A /* Gongam2UITests */ = {
			isa = PBXGroup;
			children = (
				B354CAD92B28248500BB881A /* Gongam2UITests.swift */,
				B354CADB2B28248500BB881A /* Gongam2UITestsLaunchTests.swift */,
			);
			path = Gongam2UITests;
			sourceTree = "<group>";
		};
/* End PBXGroup section */

/* Begin PBXNativeTarget section */
		B354CABA2B28248400BB881A /* Gongam2 */ = {
			isa = PBXNativeTarget;
			buildConfigurationList = B354CADF2B28248500BB881A /* Build configuration list for PBXNativeTarget "Gongam2" */;
			buildPhases = (
				B354CAB72B28248400BB881A /* Sources */,
				B354CAB82B28248400BB881A /* Frameworks */,
				B354CAB92B28248400BB881A /* Resources */,
			);
			buildRules = (
			);
			dependencies = (
			);
			name = Gongam2;
			productName = Gongam2;
			productReference = B354CABB2B28248400BB881A /* Gongam2.app */;
			productType = "com.apple.product-type.application";
		};
		B354CACA2B28248500BB881A /* Gongam2Tests */ = {
			isa = PBXNativeTarget;
			buildConfigurationList = B354CAE22B28248500BB881A /* Build configuration list for PBXNativeTarget "Gongam2Tests" */;
			buildPhases = (
				B354CAC72B28248500BB881A /* Sources */,
				B354CAC82B28248500BB881A /* Frameworks */,
				B354CAC92B28248500BB881A /* Resources */,
			);
			buildRules = (
			);
			dependencies = (
				B354CACD2B28248500BB881A /* PBXTargetDependency */,
			);
			name = Gongam2Tests;
			productName = Gongam2Tests;
			productReference = B354CACB2B28248500BB881A /* Gongam2Tests.xctest */;
			productType = "com.apple.product-type.bundle.unit-test";
		};
		B354CAD42B28248500BB881A /* Gongam2UITests */ = {
			isa = PBXNativeTarget;
			buildConfigurationList = B354CAE52B28248500BB881A /* Build configuration list for PBXNativeTarget "Gongam2UITests" */;
			buildPhases = (
				B354CAD12B28248500BB881A /* Sources */,
				B354CAD22B28248500BB881A /* Frameworks */,
				B354CAD32B28248500BB881A /* Resources */,
			);
			buildRules = (
			);
			dependencies = (
				B354CAD72B28248500BB881A /* PBXTargetDependency */,
			);
			name = Gongam2UITests;
			productName = Gongam2UITests;
			productReference = B354CAD52B28248500BB881A /* Gongam2UITests.xctest */;
			productType = "com.apple.product-type.bundle.ui-testing";
		};
/* End PBXNativeTarget section */

/* Begin PBXProject section */
		B354CAB32B28248400BB881A /* Project object */ = {
			isa = PBXProject;
			attributes = {
				BuildIndependentTargetsInParallel = 1;
				LastSwiftUpdateCheck = 1500;
				LastUpgradeCheck = 1500;
				TargetAttributes = {
					B354CABA2B28248400BB881A = {
						CreatedOnToolsVersion = 15.0;
					};
					B354CACA2B28248500BB881A = {
						CreatedOnToolsVersion = 15.0;
						TestTargetID = B354CABA2B28248400BB881A;
					};
					B354CAD42B28248500BB881A = {
						CreatedOnToolsVersion = 15.0;
						TestTargetID = B354CABA2B28248400BB881A;
					};
				};
			};
			buildConfigurationList = B354CAB62B28248400BB881A /* Build configuration list for PBXProject "Gongam2" */;
			compatibilityVersion = "Xcode 14.0";
			developmentRegion = en;
			hasScannedForEncodings = 0;
			knownRegions = (
				en,
				Base,
			);
			mainGroup = B354CAB22B28248400BB881A;
			productRefGroup = B354CABC2B28248400BB881A /* Products */;
			projectDirPath = "";
			projectRoot = "";
			targets = (
				B354CABA2B28248400BB881A /* Gongam2 */,
				B354CACA2B28248500BB881A /* Gongam2Tests */,
				B354CAD42B28248500BB881A /* Gongam2UITests */,
			);
		};
/* End PBXProject section */

/* Begin PBXResourcesBuildPhase section */
		B354CAB92B28248400BB881A /* Resources */ = {
			isa = PBXResourcesBuildPhase;
			buildActionMask = 2147483647;
			files = (
				B354CAC62B28248500BB881A /* Preview Assets.xcassets in Resources */,
				B354CAC32B28248500BB881A /* Assets.xcassets in Resources */,
			);
			runOnlyForDeploymentPostprocessing = 0;
		};
		B354CAC92B28248500BB881A /* Resources */ = {
			isa = PBXResourcesBuildPhase;
			buildActionMask = 2147483647;
			files = (
			);
			runOnlyForDeploymentPostprocessing = 0;
		};
		B354CAD32B28248500BB881A /* Resources */ = {
			isa = PBXResourcesBuildPhase;
			buildActionMask = 2147483647;
			files = (
			);
			runOnlyForDeploymentPostprocessing = 0;
		};
/* End PBXResourcesBuildPhase section */

/* Begin PBXSourcesBuildPhase section */
		B354CAB72B28248400BB881A /* Sources */ = {
			isa = PBXSourcesBuildPhase;
			buildActionMask = 2147483647;
			files = (
				B354CAC12B28248400BB881A /* ContentView.swift in Sources */,
				B354CABF2B28248400BB881A /* Gongam2App.swift in Sources */,
			);
			runOnlyForDeploymentPostprocessing = 0;
		};
		B354CAC72B28248500BB881A /* Sources */ = {
			isa = PBXSourcesBuildPhase;
			buildActionMask = 2147483647;
			files = (
				B354CAD02B28248500BB881A /* Gongam2Tests.swift in Sources */,
			);
			runOnlyForDeploymentPostprocessing = 0;
		};
		B354CAD12B28248500BB881A /* Sources */ = {
			isa = PBXSourcesBuildPhase;
			buildActionMask = 2147483647;
			files = (
				B354CADC2B28248500BB881A /* Gongam2UITestsLaunchTests.swift in Sources */,
				B354CADA2B28248500BB881A /* Gongam2UITests.swift in Sources */,
			);
			runOnlyForDeploymentPostprocessing = 0;
		};
/* End PBXSourcesBuildPhase section */

/* Begin PBXTargetDependency section */
		B354CACD2B28248500BB881A /* PBXTargetDependency */ = {
			isa = PBXTargetDependency;
			target = B354CABA2B28248400BB881A /* Gongam2 */;
			targetProxy = B354CACC2B28248500BB881A /* PBXContainerItemProxy */;
		};
		B354CAD72B28248500BB881A /* PBXTargetDependency */ = {
			isa = PBXTargetDependency;
			target = B354CABA2B28248400BB881A /* Gongam2 */;
			targetProxy = B354CAD62B28248500BB881A /* PBXContainerItemProxy */;
		};
/* End PBXTargetDependency section */

/* Begin XCBuildConfiguration section */
		B354CADD2B28248500BB881A /* Debug */ = {
			isa = XCBuildConfiguration;
			buildSettings = {
				ALWAYS_SEARCH_USER_PATHS = NO;
				ASSETCATALOG_COMPILER_GENERATE_SWIFT_ASSET_SYMBOL_EXTENSIONS = YES;
				CLANG_ANALYZER_NONNULL = YES;
				CLANG_ANALYZER_NUMBER_OBJECT_CONVERSION = YES_AGGRESSIVE;
				CLANG_CXX_LANGUAGE_STANDARD = "gnu++20";
				CLANG_ENABLE_MODULES = YES;
				CLANG_ENABLE_OBJC_ARC = YES;
				CLANG_ENABLE_OBJC_WEAK = YES;
				CLANG_WARN_BLOCK_CAPTURE_AUTORELEASING = YES;
				CLANG_WARN_BOOL_CONVERSION = YES;
				CLANG_WARN_COMMA = YES;
				CLANG_WARN_CONSTANT_CONVERSION = YES;
				CLANG_WARN_DEPRECATED_OBJC_IMPLEMENTATIONS = YES;
				CLANG_WARN_DIRECT_OBJC_ISA_USAGE = YES_ERROR;
				CLANG_WARN_DOCUMENTATION_COMMENTS = YES;
				CLANG_WARN_EMPTY_BODY = YES;
				CLANG_WARN_ENUM_CONVERSION = YES;
				CLANG_WARN_INFINITE_RECURSION = YES;
				CLANG_WARN_INT_CONVERSION = YES;
				CLANG_WARN_NON_LITERAL_NULL_CONVERSION = YES;
				CLANG_WARN_OBJC_IMPLICIT_RETAIN_SELF = YES;
				CLANG_WARN_OBJC_LITERAL_CONVERSION = YES;
				CLANG_WARN_OBJC_ROOT_CLASS = YES_ERROR;
				CLANG_WARN_QUOTED_INCLUDE_IN_FRAMEWORK_HEADER = YES;
				CLANG_WARN_RANGE_LOOP_ANALYSIS = YES;
				CLANG_WARN_STRICT_PROTOTYPES = YES;
				CLANG_WARN_SUSPICIOUS_MOVE = YES;
				CLANG_WARN_UNGUARDED_AVAILABILITY = YES_AGGRESSIVE;
				CLANG_WARN_UNREACHABLE_CODE = YES;
				CLANG_WARN__DUPLICATE_METHOD_MATCH = YES;
				COPY_PHASE_STRIP = NO;
				DEBUG_INFORMATION_FORMAT = dwarf;
				ENABLE_STRICT_OBJC_MSGSEND = YES;
				ENABLE_TESTABILITY = YES;
				ENABLE_USER_SCRIPT_SANDBOXING = YES;
				GCC_C_LANGUAGE_STANDARD = gnu17;
				GCC_DYNAMIC_NO_PIC = NO;
				GCC_NO_COMMON_BLOCKS = YES;
				GCC_OPTIMIZATION_LEVEL = 0;
				GCC_PREPROCESSOR_DEFINITIONS = (
					"DEBUG=1",
					"$(inherited)",
				);
				GCC_WARN_64_TO_32_BIT_CONVERSION = YES;
				GCC_WARN_ABOUT_RETURN_TYPE = YES_ERROR;
				GCC_WARN_UNDECLARED_SELECTOR = YES;
				GCC_WARN_UNINITIALIZED_AUTOS = YES_AGGRESSIVE;
				GCC_WARN_UNUSED_FUNCTION = YES;
				GCC_WARN_UNUSED_VARIABLE = YES;
				IPHONEOS_DEPLOYMENT_TARGET = 17.0;
				LOCALIZATION_PREFERS_STRING_CATALOGS = YES;
				MTL_ENABLE_DEBUG_INFO = INCLUDE_SOURCE;
				MTL_FAST_MATH = YES;
				ONLY_ACTIVE_ARCH = YES;
				SDKROOT = iphoneos;
				SWIFT_ACTIVE_COMPILATION_CONDITIONS = "DEBUG $(inherited)";
				SWIFT_OPTIMIZATION_LEVEL = "-Onone";
			};
			name = Debug;
		};
		B354CADE2B28248500BB881A /* Release */ = {
			isa = XCBuildConfiguration;
			buildSettings = {
				ALWAYS_SEARCH_USER_PATHS = NO;
				ASSETCATALOG_COMPILER_GENERATE_SWIFT_ASSET_SYMBOL_EXTENSIONS = YES;
				CLANG_ANALYZER_NONNULL = YES;
				CLANG_ANALYZER_NUMBER_OBJECT_CONVERSION = YES_AGGRESSIVE;
				CLANG_CXX_LANGUAGE_STANDARD = "gnu++20";
				CLANG_ENABLE_MODULES = YES;
				CLANG_ENABLE_OBJC_ARC = YES;
				CLANG_ENABLE_OBJC_WEAK = YES;
				CLANG_WARN_BLOCK_CAPTURE_AUTORELEASING = YES;
				CLANG_WARN_BOOL_CONVERSION = YES;
				CLANG_WARN_COMMA = YES;
				CLANG_WARN_CONSTANT_CONVERSION = YES;
				CLANG_WARN_DEPRECATED_OBJC_IMPLEMENTATIONS = YES;
				CLANG_WARN_DIRECT_OBJC_ISA_USAGE = YES_ERROR;
				CLANG_WARN_DOCUMENTATION_COMMENTS = YES;
				CLANG_WARN_EMPTY_BODY = YES;
				CLANG_WARN_ENUM_CONVERSION = YES;
				CLANG_WARN_INFINITE_RECURSION = YES;
				CLANG_WARN_INT_CONVERSION = YES;
				CLANG_WARN_NON_LITERAL_NULL_CONVERSION = YES;
				CLANG_WARN_OBJC_IMPLICIT_RETAIN_SELF = YES;
				CLANG_WARN_OBJC_LITERAL_CONVERSION = YES;
				CLANG_WARN_OBJC_ROOT_CLASS = YES_ERROR;
				CLANG_WARN_QUOTED_INCLUDE_IN_FRAMEWORK_HEADER = YES;
				CLANG_WARN_RANGE_LOOP_ANALYSIS = YES;
				CLANG_WARN_STRICT_PROTOTYPES = YES;
				CLANG_WARN_SUSPICIOUS_MOVE = YES;
				CLANG_WARN_UNGUARDED_AVAILABILITY = YES_AGGRESSIVE;
				CLANG_WARN_UNREACHABLE_CODE = YES;
				CLANG_WARN__DUPLICATE_METHOD_MATCH = YES;
				COPY_PHASE_STRIP = NO;
				DEBUG_INFORMATION_FORMAT = "dwarf-with-dsym";
				ENABLE_NS_ASSERTIONS = NO;
				ENABLE_STRICT_OBJC_MSGSEND = YES;
				ENABLE_USER_SCRIPT_SANDBOXING = YES;
				GCC_C_LANGUAGE_STANDARD = gnu17;
				GCC_NO_COMMON_BLOCKS = YES;
				GCC_WARN_64_TO_32_BIT_CONVERSION = YES;
				GCC_WARN_ABOUT_RETURN_TYPE = YES_ERROR;
				GCC_WARN_UNDECLARED_SELECTOR = YES;
				GCC_WARN_UNINITIALIZED_AUTOS = YES_AGGRESSIVE;
				GCC_WARN_UNUSED_FUNCTION = YES;
				GCC_WARN_UNUSED_VARIABLE = YES;
				IPHONEOS_DEPLOYMENT_TARGET = 17.0;
				LOCALIZATION_PREFERS_STRING_CATALOGS = YES;
				MTL_ENABLE_DEBUG_INFO = NO;
				MTL_FAST_MATH = YES;
				SDKROOT = iphoneos;
				SWIFT_COMPILATION_MODE = wholemodule;
				VALIDATE_PRODUCT = YES;
			};
			name = Release;
		};
		B354CAE02B28248500BB881A /* Debug */ = {
			isa = XCBuildConfiguration;
			buildSettings = {
				ASSETCATALOG_COMPILER_APPICON_NAME = AppIcon;
				ASSETCATALOG_COMPILER_GLOBAL_ACCENT_COLOR_NAME = AccentColor;
				CODE_SIGN_STYLE = Automatic;
				CURRENT_PROJECT_VERSION = 1;
				DEVELOPMENT_ASSET_PATHS = "\"Gongam2/Preview Content\"";
				DEVELOPMENT_TEAM = QDTB4WL24B;
				ENABLE_PREVIEWS = YES;
				GENERATE_INFOPLIST_FILE = YES;
				INFOPLIST_KEY_UIApplicationSceneManifest_Generation = YES;
				INFOPLIST_KEY_UIApplicationSupportsIndirectInputEvents = YES;
				INFOPLIST_KEY_UILaunchScreen_Generation = YES;
				INFOPLIST_KEY_UISupportedInterfaceOrientations_iPad = "UIInterfaceOrientationPortrait UIInterfaceOrientationPortraitUpsideDown UIInterfaceOrientationLandscapeLeft UIInterfaceOrientationLandscapeRight";
				INFOPLIST_KEY_UISupportedInterfaceOrientations_iPhone = "UIInterfaceOrientationPortrait UIInterfaceOrientationLandscapeLeft UIInterfaceOrientationLandscapeRight";
				LD_RUNPATH_SEARCH_PATHS = (
					"$(inherited)",
					"@executable_path/Frameworks",
				);
				MARKETING_VERSION = 1.0;
				PRODUCT_BUNDLE_IDENTIFIER = SeoyeonKim.Gongam2;
				PRODUCT_NAME = "$(TARGET_NAME)";
				SWIFT_EMIT_LOC_STRINGS = YES;
				SWIFT_VERSION = 5.0;
				TARGETED_DEVICE_FAMILY = "1,2";
			};
			name = Debug;
		};
		B354CAE12B28248500BB881A /* Release */ = {
			isa = XCBuildConfiguration;
			buildSettings = {
				ASSETCATALOG_COMPILER_APPICON_NAME = AppIcon;
				ASSETCATALOG_COMPILER_GLOBAL_ACCENT_COLOR_NAME = AccentColor;
				CODE_SIGN_STYLE = Automatic;
				CURRENT_PROJECT_VERSION = 1;
				DEVELOPMENT_ASSET_PATHS = "\"Gongam2/Preview Content\"";
				DEVELOPMENT_TEAM = QDTB4WL24B;
				ENABLE_PREVIEWS = YES;
				GENERATE_INFOPLIST_FILE = YES;
				INFOPLIST_KEY_UIApplicationSceneManifest_Generation = YES;
				INFOPLIST_KEY_UIApplicationSupportsIndirectInputEvents = YES;
				INFOPLIST_KEY_UILaunchScreen_Generation = YES;
				INFOPLIST_KEY_UISupportedInterfaceOrientations_iPad = "UIInterfaceOrientationPortrait UIInterfaceOrientationPortraitUpsideDown UIInterfaceOrientationLandscapeLeft UIInterfaceOrientationLandscapeRight";
				INFOPLIST_KEY_UISupportedInterfaceOrientations_iPhone = "UIInterfaceOrientationPortrait UIInterfaceOrientationLandscapeLeft UIInterfaceOrientationLandscapeRight";
				LD_RUNPATH_SEARCH_PATHS = (
					"$(inherited)",
					"@executable_path/Frameworks",
				);
				MARKETING_VERSION = 1.0;
				PRODUCT_BUNDLE_IDENTIFIER = SeoyeonKim.Gongam2;
				PRODUCT_NAME = "$(TARGET_NAME)";
				SWIFT_EMIT_LOC_STRINGS = YES;
				SWIFT_VERSION = 5.0;
				TARGETED_DEVICE_FAMILY = "1,2";
			};
			name = Release;
		};
		B354CAE32B28248500BB881A /* Debug */ = {
			isa = XCBuildConfiguration;
			buildSettings = {
				ALWAYS_EMBED_SWIFT_STANDARD_LIBRARIES = YES;
				BUNDLE_LOADER = "$(TEST_HOST)";
				CODE_SIGN_STYLE = Automatic;
				CURRENT_PROJECT_VERSION = 1;
				DEVELOPMENT_TEAM = QDTB4WL24B;
				GENERATE_INFOPLIST_FILE = YES;
				IPHONEOS_DEPLOYMENT_TARGET = 17.0;
				MARKETING_VERSION = 1.0;
				PRODUCT_BUNDLE_IDENTIFIER = SeoyeonKim.Gongam2Tests;
				PRODUCT_NAME = "$(TARGET_NAME)";
				SWIFT_EMIT_LOC_STRINGS = NO;
				SWIFT_VERSION = 5.0;
				TARGETED_DEVICE_FAMILY = "1,2";
				TEST_HOST = "$(BUILT_PRODUCTS_DIR)/Gongam2.app/$(BUNDLE_EXECUTABLE_FOLDER_PATH)/Gongam2";
			};
			name = Debug;
		};
		B354CAE42B28248500BB881A /* Release */ = {
			isa = XCBuildConfiguration;
			buildSettings = {
				ALWAYS_EMBED_SWIFT_STANDARD_LIBRARIES = YES;
				BUNDLE_LOADER = "$(TEST_HOST)";
				CODE_SIGN_STYLE = Automatic;
				CURRENT_PROJECT_VERSION = 1;
				DEVELOPMENT_TEAM = QDTB4WL24B;
				GENERATE_INFOPLIST_FILE = YES;
				IPHONEOS_DEPLOYMENT_TARGET = 17.0;
				MARKETING_VERSION = 1.0;
				PRODUCT_BUNDLE_IDENTIFIER = SeoyeonKim.Gongam2Tests;
				PRODUCT_NAME = "$(TARGET_NAME)";
				SWIFT_EMIT_LOC_STRINGS = NO;
				SWIFT_VERSION = 5.0;
				TARGETED_DEVICE_FAMILY = "1,2";
				TEST_HOST = "$(BUILT_PRODUCTS_DIR)/Gongam2.app/$(BUNDLE_EXECUTABLE_FOLDER_PATH)/Gongam2";
			};
			name = Release;
		};
		B354CAE62B28248500BB881A /* Debug */ = {
			isa = XCBuildConfiguration;
			buildSettings = {
				ALWAYS_EMBED_SWIFT_STANDARD_LIBRARIES = YES;
				CODE_SIGN_STYLE = Automatic;
				CURRENT_PROJECT_VERSION = 1;
				DEVELOPMENT_TEAM = QDTB4WL24B;
				GENERATE_INFOPLIST_FILE = YES;
				MARKETING_VERSION = 1.0;
				PRODUCT_BUNDLE_IDENTIFIER = SeoyeonKim.Gongam2UITests;
				PRODUCT_NAME = "$(TARGET_NAME)";
				SWIFT_EMIT_LOC_STRINGS = NO;
				SWIFT_VERSION = 5.0;
				TARGETED_DEVICE_FAMILY = "1,2";
				TEST_TARGET_NAME = Gongam2;
			};
			name = Debug;
		};
		B354CAE72B28248500BB881A /* Release */ = {
			isa = XCBuildConfiguration;
			buildSettings = {
				ALWAYS_EMBED_SWIFT_STANDARD_LIBRARIES = YES;
				CODE_SIGN_STYLE = Automatic;
				CURRENT_PROJECT_VERSION = 1;
				DEVELOPMENT_TEAM = QDTB4WL24B;
				GENERATE_INFOPLIST_FILE = YES;
				MARKETING_VERSION = 1.0;
				PRODUCT_BUNDLE_IDENTIFIER = SeoyeonKim.Gongam2UITests;
				PRODUCT_NAME = "$(TARGET_NAME)";
				SWIFT_EMIT_LOC_STRINGS = NO;
				SWIFT_VERSION = 5.0;
				TARGETED_DEVICE_FAMILY = "1,2";
				TEST_TARGET_NAME = Gongam2;
			};
			name = Release;
		};
/* End XCBuildConfiguration section */

/* Begin XCConfigurationList section */
		B354CAB62B28248400BB881A /* Build configuration list for PBXProject "Gongam2" */ = {
			isa = XCConfigurationList;
			buildConfigurations = (
				B354CADD2B28248500BB881A /* Debug */,
				B354CADE2B28248500BB881A /* Release */,
			);
			defaultConfigurationIsVisible = 0;
			defaultConfigurationName = Release;
		};
		B354CADF2B28248500BB881A /* Build configuration list for PBXNativeTarget "Gongam2" */ = {
			isa = XCConfigurationList;
			buildConfigurations = (
				B354CAE02B28248500BB881A /* Debug */,
				B354CAE12B28248500BB881A /* Release */,
			);
			defaultConfigurationIsVisible = 0;
			defaultConfigurationName = Release;
		};
		B354CAE22B28248500BB881A /* Build configuration list for PBXNativeTarget "Gongam2Tests" */ = {
			isa = XCConfigurationList;
			buildConfigurations = (
				B354CAE32B28248500BB881A /* Debug */,
				B354CAE42B28248500BB881A /* Release */,
			);
			defaultConfigurationIsVisible = 0;
			defaultConfigurationName = Release;
		};
		B354CAE52B28248500BB881A /* Build configuration list for PBXNativeTarget "Gongam2UITests" */ = {
			isa = XCConfigurationList;
			buildConfigurations = (
				B354CAE62B28248500BB881A /* Debug */,
				B354CAE72B28248500BB881A /* Release */,
			);
			defaultConfigurationIsVisible = 0;
			defaultConfigurationName = Release;
		};
/* End XCConfigurationList section */
	};
	rootObject = B354CAB32B28248400BB881A /* Project object */;
}
